github.com/galdor/go-cmdline v1.1.1 h1:+mvSjZo4ZNterLC8Ft4zt9J5TgXJPfnoHZbTy1hYEUA=
github.com/galdor/go-cmdline v1.1.1/go.mod h1:4F4ylJ9bgyWjcqjGgFYPoDCeKlGSCllihrWoHnQ9eHU=
github.com/vaughan0/go-ini v0.0.0-20130923145212-a98ad7ee00ec h1:DGmKwyZwEB8dI7tbLt/I/gQuP559o/0FrAkHKlQM/Ks=
github.com/vaughan0/go-ini v0.0.0-20130923145212-a98ad7ee00ec/go.mod h1:owBmyHYMLkxyrugmfwE/DLJyW8Ro9mkphwuVErQ0iUw=
