github.com/galdor/go-cmdline v1.2.0 h1:RLnp/JLQDflzUsvZjxmnCv0sUFZDi/ND3Yfj1As163o=
github.com/galdor/go-cmdline v1.2.0/go.mod h1:1LVwXCqiarskUYLWZGpJTi46GCCCudwHs76VnUV0Qs0=
github.com/vaughan0/go-ini v0.0.0-20130923145212-a98ad7ee00ec h1:DGmKwyZwEB8dI7tbLt/I/gQuP559o/0FrAkHKlQM/Ks=
github.com/vaughan0/go-ini v0.0.0-20130923145212-a98ad7ee00ec/go.mod h1:owBmyHYMLkxyrugmfwE/DLJyW8Ro9mkphwuVErQ0iUw=
